
Microsoft Visual Studio Solution File, Format Version 12.00
# Visual Studio Version 16
VisualStudioVersion = 16.0.30011.22
MinimumVisualStudioVersion = 10.0.40219.1
Project("{FAE04EC0-301F-11D3-BF4B-00C04F79EFBC}") = "InternetBookStore", "InternetBookStore\InternetBookStore.csproj", "{131A92B1-ACE4-457A-9C98-A627743F6073}"
EndProject
Global
	GlobalSection(SolutionConfigurationPlatforms) = preSolution
		Debug|Any CPU = Debug|Any CPU
		Release|Any CPU = Release|Any CPU
	EndGlobalSection
	GlobalSection(ProjectConfigurationPlatforms) = postSolution
		{131A92B1-ACE4-457A-9C98-A627743F6073}.Debug|Any CPU.ActiveCfg = Debug|Any CPU
		{131A92B1-ACE4-457A-9C98-A627743F6073}.Debug|Any CPU.Build.0 = Debug|Any CPU
		{131A92B1-ACE4-457A-9C98-A627743F6073}.Release|Any CPU.ActiveCfg = Release|Any CPU
		{131A92B1-ACE4-457A-9C98-A627743F6073}.Release|Any CPU.Build.0 = Release|Any CPU
	EndGlobalSection
	GlobalSection(SolutionProperties) = preSolution
		HideSolutionNode = FALSE
	EndGlobalSection
	GlobalSection(ExtensibilityGlobals) = postSolution
		SolutionGuid = {ABE948BB-F6A3-4F52-9EB0-3A5B3866879F}
	EndGlobalSection
EndGlobal
